
Microsoft Visual Studio Solution File, Format Version 12.00
# Visual Studio Version 17
VisualStudioVersion = 17.3.32929.385
MinimumVisualStudioVersion = 10.0.40219.1
Project("{FAE04EC0-301F-11D3-BF4B-00C04F79EFBC}") = "classes", "classes.csproj", "{86E83F1D-DEDB-445B-8AF9-1EABB4A447BE}"
EndProject
Global
	GlobalSection(SolutionConfigurationPlatforms) = preSolution
		Debug|Any CPU = Debug|Any CPU
		Release|Any CPU = Release|Any CPU
	EndGlobalSection
	GlobalSection(ProjectConfigurationPlatforms) = postSolution
		{86E83F1D-DEDB-445B-8AF9-1EABB4A447BE}.Debug|Any CPU.ActiveCfg = Debug|Any CPU
		{86E83F1D-DEDB-445B-8AF9-1EABB4A447BE}.Debug|Any CPU.Build.0 = Debug|Any CPU
		{86E83F1D-DEDB-445B-8AF9-1EABB4A447BE}.Release|Any CPU.ActiveCfg = Release|Any CPU
		{86E83F1D-DEDB-445B-8AF9-1EABB4A447BE}.Release|Any CPU.Build.0 = Release|Any CPU
	EndGlobalSection
	GlobalSection(SolutionProperties) = preSolution
		HideSolutionNode = FALSE
	EndGlobalSection
	GlobalSection(ExtensibilityGlobals) = postSolution
		SolutionGuid = {D126E0DB-1314-4173-A7C4-36E9C39C1523}
	EndGlobalSection
EndGlobal
